
Microsoft Visual Studio Solution File, Format Version 12.00
# Visual Studio 15
VisualStudioVersion = 15.0.36001.139
MinimumVisualStudioVersion = 10.0.40219.1
Project("{FAE04EC0-301F-11D3-BF4B-00C04F79EFBC}") = "OOP", "OOP\OOP.csproj", "{E1D5F04F-ED3D-4C3B-BC25-5BB0C2395B66}"
EndProject
Project("{8BC9CEB8-8B4A-11D0-8D11-00A0C91BC942}") = "Math", "Math\Math.vcxproj", "{53CD24AD-6E8D-43D9-8867-5926FCA8E416}"
EndProject
Project("{FAE04EC0-301F-11D3-BF4B-00C04F79EFBC}") = "Fraction", "Fraction\Fraction.csproj", "{F95FE0B1-0DA2-4BD6-8C29-B2E9611286C6}"
EndProject
Global
	GlobalSection(SolutionConfigurationPlatforms) = preSolution
		Debug|Any CPU = Debug|Any CPU
		Debug|x64 = Debug|x64
		Debug|x86 = Debug|x86
		Release|Any CPU = Release|Any CPU
		Release|x64 = Release|x64
		Release|x86 = Release|x86
	EndGlobalSection
	GlobalSection(ProjectConfigurationPlatforms) = postSolution
		{E1D5F04F-ED3D-4C3B-BC25-5BB0C2395B66}.Debug|Any CPU.ActiveCfg = Debug|Any CPU
		{E1D5F04F-ED3D-4C3B-BC25-5BB0C2395B66}.Debug|Any CPU.Build.0 = Debug|Any CPU
		{E1D5F04F-ED3D-4C3B-BC25-5BB0C2395B66}.Debug|x64.ActiveCfg = Debug|Any CPU
		{E1D5F04F-ED3D-4C3B-BC25-5BB0C2395B66}.Debug|x64.Build.0 = Debug|Any CPU
		{E1D5F04F-ED3D-4C3B-BC25-5BB0C2395B66}.Debug|x86.ActiveCfg = Debug|Any CPU
		{E1D5F04F-ED3D-4C3B-BC25-5BB0C2395B66}.Debug|x86.Build.0 = Debug|Any CPU
		{E1D5F04F-ED3D-4C3B-BC25-5BB0C2395B66}.Release|Any CPU.ActiveCfg = Release|Any CPU
		{E1D5F04F-ED3D-4C3B-BC25-5BB0C2395B66}.Release|Any CPU.Build.0 = Release|Any CPU
		{E1D5F04F-ED3D-4C3B-BC25-5BB0C2395B66}.Release|x64.ActiveCfg = Release|Any CPU
		{E1D5F04F-ED3D-4C3B-BC25-5BB0C2395B66}.Release|x64.Build.0 = Release|Any CPU
		{E1D5F04F-ED3D-4C3B-BC25-5BB0C2395B66}.Release|x86.ActiveCfg = Release|Any CPU
		{E1D5F04F-ED3D-4C3B-BC25-5BB0C2395B66}.Release|x86.Build.0 = Release|Any CPU
		{53CD24AD-6E8D-43D9-8867-5926FCA8E416}.Debug|Any CPU.ActiveCfg = Debug|Win32
		{53CD24AD-6E8D-43D9-8867-5926FCA8E416}.Debug|x64.ActiveCfg = Debug|x64
		{53CD24AD-6E8D-43D9-8867-5926FCA8E416}.Debug|x64.Build.0 = Debug|x64
		{53CD24AD-6E8D-43D9-8867-5926FCA8E416}.Debug|x86.ActiveCfg = Debug|Win32
		{53CD24AD-6E8D-43D9-8867-5926FCA8E416}.Debug|x86.Build.0 = Debug|Win32
		{53CD24AD-6E8D-43D9-8867-5926FCA8E416}.Release|Any CPU.ActiveCfg = Release|Win32
		{53CD24AD-6E8D-43D9-8867-5926FCA8E416}.Release|x64.ActiveCfg = Release|x64
		{53CD24AD-6E8D-43D9-8867-5926FCA8E416}.Release|x64.Build.0 = Release|x64
		{53CD24AD-6E8D-43D9-8867-5926FCA8E416}.Release|x86.ActiveCfg = Release|Win32
		{53CD24AD-6E8D-43D9-8867-5926FCA8E416}.Release|x86.Build.0 = Release|Win32
		{F95FE0B1-0DA2-4BD6-8C29-B2E9611286C6}.Debug|Any CPU.ActiveCfg = Debug|Any CPU
		{F95FE0B1-0DA2-4BD6-8C29-B2E9611286C6}.Debug|Any CPU.Build.0 = Debug|Any CPU
		{F95FE0B1-0DA2-4BD6-8C29-B2E9611286C6}.Debug|x64.ActiveCfg = Debug|Any CPU
		{F95FE0B1-0DA2-4BD6-8C29-B2E9611286C6}.Debug|x64.Build.0 = Debug|Any CPU
		{F95FE0B1-0DA2-4BD6-8C29-B2E9611286C6}.Debug|x86.ActiveCfg = Debug|Any CPU
		{F95FE0B1-0DA2-4BD6-8C29-B2E9611286C6}.Debug|x86.Build.0 = Debug|Any CPU
		{F95FE0B1-0DA2-4BD6-8C29-B2E9611286C6}.Release|Any CPU.ActiveCfg = Release|Any CPU
		{F95FE0B1-0DA2-4BD6-8C29-B2E9611286C6}.Release|Any CPU.Build.0 = Release|Any CPU
		{F95FE0B1-0DA2-4BD6-8C29-B2E9611286C6}.Release|x64.ActiveCfg = Release|Any CPU
		{F95FE0B1-0DA2-4BD6-8C29-B2E9611286C6}.Release|x64.Build.0 = Release|Any CPU
		{F95FE0B1-0DA2-4BD6-8C29-B2E9611286C6}.Release|x86.ActiveCfg = Release|Any CPU
		{F95FE0B1-0DA2-4BD6-8C29-B2E9611286C6}.Release|x86.Build.0 = Release|Any CPU
	EndGlobalSection
	GlobalSection(SolutionProperties) = preSolution
		HideSolutionNode = FALSE
	EndGlobalSection
	GlobalSection(ExtensibilityGlobals) = postSolution
		SolutionGuid = {1B630D06-19CF-44AE-B2DA-B62FFCE24B46}
	EndGlobalSection
EndGlobal
